// !$*UTF8*$!
{
	archiveVersion = 1;
	classes = {
	};
	objectVersion = 50;
	objects = {

/* Begin PBXBuildFile section */
		489D11CD21885397005AA609 /* AppDelegate.swift in Sources */ = {isa = PBXBuildFile; fileRef = 489D11CC21885397005AA609 /* AppDelegate.swift */; };
		489D11CF21885397005AA609 /* ViewController.swift in Sources */ = {isa = PBXBuildFile; fileRef = 489D11CE21885397005AA609 /* ViewController.swift */; };
		489D11D221885397005AA609 /* Main.storyboard in Resources */ = {isa = PBXBuildFile; fileRef = 489D11D021885397005AA609 /* Main.storyboard */; };
		489D11D421885398005AA609 /* Assets.xcassets in Resources */ = {isa = PBXBuildFile; fileRef = 489D11D321885398005AA609 /* Assets.xcassets */; };
		489D11D721885398005AA609 /* LaunchScreen.storyboard in Resources */ = {isa = PBXBuildFile; fileRef = 489D11D521885398005AA609 /* LaunchScreen.storyboard */; };
		489D11E221885398005AA609 /* ContainerTests.swift in Sources */ = {isa = PBXBuildFile; fileRef = 489D11E121885398005AA609 /* ContainerTests.swift */; };
		489D11ED21885398005AA609 /* ContainerUITests.swift in Sources */ = {isa = PBXBuildFile; fileRef = 489D11EC21885398005AA609 /* ContainerUITests.swift */; };
/* End PBXBuildFile section */

/* Begin PBXContainerItemProxy section */
		489D11DE21885398005AA609 /* PBXContainerItemProxy */ = {
			isa = PBXContainerItemProxy;
			containerPortal = 489D11C121885397005AA609 /* Project object */;
			proxyType = 1;
			remoteGlobalIDString = 489D11C821885397005AA609;
			remoteInfo = Container;
		};
		489D11E921885398005AA609 /* PBXContainerItemProxy */ = {
			isa = PBXContainerItemProxy;
			containerPortal = 489D11C121885397005AA609 /* Project object */;
			proxyType = 1;
			remoteGlobalIDString = 489D11C821885397005AA609;
			remoteInfo = Container;
		};
/* End PBXContainerItemProxy section */

/* Begin PBXFileReference section */
		489D11C921885397005AA609 /* Container.app */ = {isa = PBXFileReference; explicitFileType = wrapper.application; includeInIndex = 0; path = Container.app; sourceTree = BUILT_PRODUCTS_DIR; };
		489D11CC21885397005AA609 /* AppDelegate.swift */ = {isa = PBXFileReference; lastKnownFileType = sourcecode.swift; path = AppDelegate.swift; sourceTree = "<group>"; };
		489D11CE21885397005AA609 /* ViewController.swift */ = {isa = PBXFileReference; lastKnownFileType = sourcecode.swift; path = ViewController.swift; sourceTree = "<group>"; };
		489D11D121885397005AA609 /* Base */ = {isa = PBXFileReference; lastKnownFileType = file.storyboard; name = Base; path = Base.lproj/Main.storyboard; sourceTree = "<group>"; };
		489D11D321885398005AA609 /* Assets.xcassets */ = {isa = PBXFileReference; lastKnownFileType = folder.assetcatalog; path = Assets.xcassets; sourceTree = "<group>"; };
		489D11D621885398005AA609 /* Base */ = {isa = PBXFileReference; lastKnownFileType = file.storyboard; name = Base; path = Base.lproj/LaunchScreen.storyboard; sourceTree = "<group>"; };
		489D11D821885398005AA609 /* Info.plist */ = {isa = PBXFileReference; lastKnownFileType = text.plist.xml; path = Info.plist; sourceTree = "<group>"; };
		489D11DD21885398005AA609 /* ContainerTests.xctest */ = {isa = PBXFileReference; explicitFileType = wrapper.cfbundle; includeInIndex = 0; path = ContainerTests.xctest; sourceTree = BUILT_PRODUCTS_DIR; };
		489D11E121885398005AA609 /* ContainerTests.swift */ = {isa = PBXFileReference; lastKnownFileType = sourcecode.swift; path = ContainerTests.swift; sourceTree = "<group>"; };
		489D11E321885398005AA609 /* Info.plist */ = {isa = PBXFileReference; lastKnownFileType = text.plist.xml; path = Info.plist; sourceTree = "<group>"; };
		489D11E821885398005AA609 /* ContainerUITests.xctest */ = {isa = PBXFileReference; explicitFileType = wrapper.cfbundle; includeInIndex = 0; path = ContainerUITests.xctest; sourceTree = BUILT_PRODUCTS_DIR; };
		489D11EC21885398005AA609 /* ContainerUITests.swift */ = {isa = PBXFileReference; lastKnownFileType = sourcecode.swift; path = ContainerUITests.swift; sourceTree = "<group>"; };
		489D11EE21885398005AA609 /* Info.plist */ = {isa = PBXFileReference; lastKnownFileType = text.plist.xml; path = Info.plist; sourceTree = "<group>"; };
/* End PBXFileReference section */

/* Begin PBXFrameworksBuildPhase section */
		489D11C621885397005AA609 /* Frameworks */ = {
			isa = PBXFrameworksBuildPhase;
			buildActionMask = 2147483647;
			files = (
			);
			runOnlyForDeploymentPostprocessing = 0;
		};
		489D11DA21885398005AA609 /* Frameworks */ = {
			isa = PBXFrameworksBuildPhase;
			buildActionMask = 2147483647;
			files = (
			);
			runOnlyForDeploymentPostprocessing = 0;
		};
		489D11E521885398005AA609 /* Frameworks */ = {
			isa = PBXFrameworksBuildPhase;
			buildActionMask = 2147483647;
			files = (
			);
			runOnlyForDeploymentPostprocessing = 0;
		};
/* End PBXFrameworksBuildPhase section */

/* Begin PBXGroup section */
		489D11C021885397005AA609 = {
			isa = PBXGroup;
			children = (
				489D11CB21885397005AA609 /* Container */,
				489D11E021885398005AA609 /* ContainerTests */,
				489D11EB21885398005AA609 /* ContainerUITests */,
				489D11CA21885397005AA609 /* Products */,
			);
			sourceTree = "<group>";
		};
		489D11CA21885397005AA609 /* Products */ = {
			isa = PBXGroup;
			children = (
				489D11C921885397005AA609 /* Container.app */,
				489D11DD21885398005AA609 /* ContainerTests.xctest */,
				489D11E821885398005AA609 /* ContainerUITests.xctest */,
			);
			name = Products;
			sourceTree = "<group>";
		};
		489D11CB21885397005AA609 /* Container */ = {
			isa = PBXGroup;
			children = (
				489D11CC21885397005AA609 /* AppDelegate.swift */,
				489D11CE21885397005AA609 /* ViewController.swift */,
				489D11D021885397005AA609 /* Main.storyboard */,
				489D11D321885398005AA609 /* Assets.xcassets */,
				489D11D521885398005AA609 /* LaunchScreen.storyboard */,
				489D11D821885398005AA609 /* Info.plist */,
			);
			path = Container;
			sourceTree = "<group>";
		};
		489D11E021885398005AA609 /* ContainerTests */ = {
			isa = PBXGroup;
			children = (
				489D11E121885398005AA609 /* ContainerTests.swift */,
				489D11E321885398005AA609 /* Info.plist */,
			);
			path = ContainerTests;
			sourceTree = "<group>";
		};
		489D11EB21885398005AA609 /* ContainerUITests */ = {
			isa = PBXGroup;
			children = (
				489D11EC21885398005AA609 /* ContainerUITests.swift */,
				489D11EE21885398005AA609 /* Info.plist */,
			);
			path = ContainerUITests;
			sourceTree = "<group>";
		};
/* End PBXGroup section */

/* Begin PBXNativeTarget section */
		489D11C821885397005AA609 /* Container */ = {
			isa = PBXNativeTarget;
			buildConfigurationList = 489D11F121885398005AA609 /* Build configuration list for PBXNativeTarget "Container" */;
			buildPhases = (
				489D11C521885397005AA609 /* Sources */,
				489D11C621885397005AA609 /* Frameworks */,
				489D11C721885397005AA609 /* Resources */,
			);
			buildRules = (
			);
			dependencies = (
			);
			name = Container;
			productName = Container;
			productReference = 489D11C921885397005AA609 /* Container.app */;
			productType = "com.apple.product-type.application";
		};
		489D11DC21885398005AA609 /* ContainerTests */ = {
			isa = PBXNativeTarget;
			buildConfigurationList = 489D11F421885398005AA609 /* Build configuration list for PBXNativeTarget "ContainerTests" */;
			buildPhases = (
				489D11D921885398005AA609 /* Sources */,
				489D11DA21885398005AA609 /* Frameworks */,
				489D11DB21885398005AA609 /* Resources */,
			);
			buildRules = (
			);
			dependencies = (
				489D11DF21885398005AA609 /* PBXTargetDependency */,
			);
			name = ContainerTests;
			productName = ContainerTests;
			productReference = 489D11DD21885398005AA609 /* ContainerTests.xctest */;
			productType = "com.apple.product-type.bundle.unit-test";
		};
		489D11E721885398005AA609 /* ContainerUITests */ = {
			isa = PBXNativeTarget;
			buildConfigurationList = 489D11F721885398005AA609 /* Build configuration list for PBXNativeTarget "ContainerUITests" */;
			buildPhases = (
				489D11E421885398005AA609 /* Sources */,
				489D11E521885398005AA609 /* Frameworks */,
				489D11E621885398005AA609 /* Resources */,
			);
			buildRules = (
			);
			dependencies = (
				489D11EA21885398005AA609 /* PBXTargetDependency */,
			);
			name = ContainerUITests;
			productName = ContainerUITests;
			productReference = 489D11E821885398005AA609 /* ContainerUITests.xctest */;
			productType = "com.apple.product-type.bundle.ui-testing";
		};
/* End PBXNativeTarget section */

/* Begin PBXProject section */
		489D11C121885397005AA609 /* Project object */ = {
			isa = PBXProject;
			attributes = {
				LastSwiftUpdateCheck = 1000;
				LastUpgradeCheck = 1000;
				ORGANIZATIONNAME = KK;
				TargetAttributes = {
					489D11C821885397005AA609 = {
						CreatedOnToolsVersion = 10.0;
					};
					489D11DC21885398005AA609 = {
						CreatedOnToolsVersion = 10.0;
						TestTargetID = 489D11C821885397005AA609;
					};
					489D11E721885398005AA609 = {
						CreatedOnToolsVersion = 10.0;
						TestTargetID = 489D11C821885397005AA609;
					};
				};
			};
			buildConfigurationList = 489D11C421885397005AA609 /* Build configuration list for PBXProject "Container" */;
			compatibilityVersion = "Xcode 9.3";
			developmentRegion = en;
			hasScannedForEncodings = 0;
			knownRegions = (
				en,
				Base,
			);
			mainGroup = 489D11C021885397005AA609;
			productRefGroup = 489D11CA21885397005AA609 /* Products */;
			projectDirPath = "";
			projectRoot = "";
			targets = (
				489D11C821885397005AA609 /* Container */,
				489D11DC21885398005AA609 /* ContainerTests */,
				489D11E721885398005AA609 /* ContainerUITests */,
			);
		};
/* End PBXProject section */

/* Begin PBXResourcesBuildPhase section */
		489D11C721885397005AA609 /* Resources */ = {
			isa = PBXResourcesBuildPhase;
			buildActionMask = 2147483647;
			files = (
				489D11D721885398005AA609 /* LaunchScreen.storyboard in Resources */,
				489D11D421885398005AA609 /* Assets.xcassets in Resources */,
				489D11D221885397005AA609 /* Main.storyboard in Resources */,
			);
			runOnlyForDeploymentPostprocessing = 0;
		};
		489D11DB21885398005AA609 /* Resources */ = {
			isa = PBXResourcesBuildPhase;
			buildActionMask = 2147483647;
			files = (
			);
			runOnlyForDeploymentPostprocessing = 0;
		};
		489D11E621885398005AA609 /* Resources */ = {
			isa = PBXResourcesBuildPhase;
			buildActionMask = 2147483647;
			files = (
			);
			runOnlyForDeploymentPostprocessing = 0;
		};
/* End PBXResourcesBuildPhase section */

/* Begin PBXSourcesBuildPhase section */
		489D11C521885397005AA609 /* Sources */ = {
			isa = PBXSourcesBuildPhase;
			buildActionMask = 2147483647;
			files = (
				489D11CF21885397005AA609 /* ViewController.swift in Sources */,
				489D11CD21885397005AA609 /* AppDelegate.swift in Sources */,
			);
			runOnlyForDeploymentPostprocessing = 0;
		};
		489D11D921885398005AA609 /* Sources */ = {
			isa = PBXSourcesBuildPhase;
			buildActionMask = 2147483647;
			files = (
				489D11E221885398005AA609 /* ContainerTests.swift in Sources */,
			);
			runOnlyForDeploymentPostprocessing = 0;
		};
		489D11E421885398005AA609 /* Sources */ = {
			isa = PBXSourcesBuildPhase;
			buildActionMask = 2147483647;
			files = (
				489D11ED21885398005AA609 /* ContainerUITests.swift in Sources */,
			);
			runOnlyForDeploymentPostprocessing = 0;
		};
/* End PBXSourcesBuildPhase section */

/* Begin PBXTargetDependency section */
		489D11DF21885398005AA609 /* PBXTargetDependency */ = {
			isa = PBXTargetDependency;
			target = 489D11C821885397005AA609 /* Container */;
			targetProxy = 489D11DE21885398005AA609 /* PBXContainerItemProxy */;
		};
		489D11EA21885398005AA609 /* PBXTargetDependency */ = {
			isa = PBXTargetDependency;
			target = 489D11C821885397005AA609 /* Container */;
			targetProxy = 489D11E921885398005AA609 /* PBXContainerItemProxy */;
		};
/* End PBXTargetDependency section */

/* Begin PBXVariantGroup section */
		489D11D021885397005AA609 /* Main.storyboard */ = {
			isa = PBXVariantGroup;
			children = (
				489D11D121885397005AA609 /* Base */,
			);
			name = Main.storyboard;
			sourceTree = "<group>";
		};
		489D11D521885398005AA609 /* LaunchScreen.storyboard */ = {
			isa = PBXVariantGroup;
			children = (
				489D11D621885398005AA609 /* Base */,
			);
			name = LaunchScreen.storyboard;
			sourceTree = "<group>";
		};
/* End PBXVariantGroup section */

/* Begin XCBuildConfiguration section */
		489D11EF21885398005AA609 /* Debug */ = {
			isa = XCBuildConfiguration;
			buildSettings = {
				ALWAYS_SEARCH_USER_PATHS = NO;
				CLANG_ANALYZER_NONNULL = YES;
				CLANG_ANALYZER_NUMBER_OBJECT_CONVERSION = YES_AGGRESSIVE;
				CLANG_CXX_LANGUAGE_STANDARD = "gnu++14";
				CLANG_CXX_LIBRARY = "libc++";
				CLANG_ENABLE_MODULES = YES;
				CLANG_ENABLE_OBJC_ARC = YES;
				CLANG_ENABLE_OBJC_WEAK = YES;
				CLANG_WARN_BLOCK_CAPTURE_AUTORELEASING = YES;
				CLANG_WARN_BOOL_CONVERSION = YES;
				CLANG_WARN_COMMA = YES;
				CLANG_WARN_CONSTANT_CONVERSION = YES;
				CLANG_WARN_DEPRECATED_OBJC_IMPLEMENTATIONS = YES;
				CLANG_WARN_DIRECT_OBJC_ISA_USAGE = YES_ERROR;
				CLANG_WARN_DOCUMENTATION_COMMENTS = YES;
				CLANG_WARN_EMPTY_BODY = YES;
				CLANG_WARN_ENUM_CONVERSION = YES;
				CLANG_WARN_INFINITE_RECURSION = YES;
				CLANG_WARN_INT_CONVERSION = YES;
				CLANG_WARN_NON_LITERAL_NULL_CONVERSION = YES;
				CLANG_WARN_OBJC_IMPLICIT_RETAIN_SELF = YES;
				CLANG_WARN_OBJC_LITERAL_CONVERSION = YES;
				CLANG_WARN_OBJC_ROOT_CLASS = YES_ERROR;
				CLANG_WARN_RANGE_LOOP_ANALYSIS = YES;
				CLANG_WARN_STRICT_PROTOTYPES = YES;
				CLANG_WARN_SUSPICIOUS_MOVE = YES;
				CLANG_WARN_UNGUARDED_AVAILABILITY = YES_AGGRESSIVE;
				CLANG_WARN_UNREACHABLE_CODE = YES;
				CLANG_WARN__DUPLICATE_METHOD_MATCH = YES;
				CODE_SIGN_IDENTITY = "iPhone Developer";
				COPY_PHASE_STRIP = NO;
				DEBUG_INFORMATION_FORMAT = dwarf;
				ENABLE_STRICT_OBJC_MSGSEND = YES;
				ENABLE_TESTABILITY = YES;
				GCC_C_LANGUAGE_STANDARD = gnu11;
				GCC_DYNAMIC_NO_PIC = NO;
				GCC_NO_COMMON_BLOCKS = YES;
				GCC_OPTIMIZATION_LEVEL = 0;
				GCC_PREPROCESSOR_DEFINITIONS = (
					"DEBUG=1",
					"$(inherited)",
				);
				GCC_WARN_64_TO_32_BIT_CONVERSION = YES;
				GCC_WARN_ABOUT_RETURN_TYPE = YES_ERROR;
				GCC_WARN_UNDECLARED_SELECTOR = YES;
				GCC_WARN_UNINITIALIZED_AUTOS = YES_AGGRESSIVE;
				GCC_WARN_UNUSED_FUNCTION = YES;
				GCC_WARN_UNUSED_VARIABLE = YES;
				IPHONEOS_DEPLOYMENT_TARGET = 12.0;
				MTL_ENABLE_DEBUG_INFO = INCLUDE_SOURCE;
				MTL_FAST_MATH = YES;
				ONLY_ACTIVE_ARCH = YES;
				SDKROOT = iphoneos;
				SWIFT_ACTIVE_COMPILATION_CONDITIONS = DEBUG;
				SWIFT_OPTIMIZATION_LEVEL = "-Onone";
			};
			name = Debug;
		};
		489D11F021885398005AA609 /* Release */ = {
			isa = XCBuildConfiguration;
			buildSettings = {
				ALWAYS_SEARCH_USER_PATHS = NO;
				CLANG_ANALYZER_NONNULL = YES;
				CLANG_ANALYZER_NUMBER_OBJECT_CONVERSION = YES_AGGRESSIVE;
				CLANG_CXX_LANGUAGE_STANDARD = "gnu++14";
				CLANG_CXX_LIBRARY = "libc++";
				CLANG_ENABLE_MODULES = YES;
				CLANG_ENABLE_OBJC_ARC = YES;
				CLANG_ENABLE_OBJC_WEAK = YES;
				CLANG_WARN_BLOCK_CAPTURE_AUTORELEASING = YES;
				CLANG_WARN_BOOL_CONVERSION = YES;
				CLANG_WARN_COMMA = YES;
				CLANG_WARN_CONSTANT_CONVERSION = YES;
				CLANG_WARN_DEPRECATED_OBJC_IMPLEMENTATIONS = YES;
				CLANG_WARN_DIRECT_OBJC_ISA_USAGE = YES_ERROR;
				CLANG_WARN_DOCUMENTATION_COMMENTS = YES;
				CLANG_WARN_EMPTY_BODY = YES;
				CLANG_WARN_ENUM_CONVERSION = YES;
				CLANG_WARN_INFINITE_RECURSION = YES;
				CLANG_WARN_INT_CONVERSION = YES;
				CLANG_WARN_NON_LITERAL_NULL_CONVERSION = YES;
				CLANG_WARN_OBJC_IMPLICIT_RETAIN_SELF = YES;
				CLANG_WARN_OBJC_LITERAL_CONVERSION = YES;
				CLANG_WARN_OBJC_ROOT_CLASS = YES_ERROR;
				CLANG_WARN_RANGE_LOOP_ANALYSIS = YES;
				CLANG_WARN_STRICT_PROTOTYPES = YES;
				CLANG_WARN_SUSPICIOUS_MOVE = YES;
				CLANG_WARN_UNGUARDED_AVAILABILITY = YES_AGGRESSIVE;
				CLANG_WARN_UNREACHABLE_CODE = YES;
				CLANG_WARN__DUPLICATE_METHOD_MATCH = YES;
				CODE_SIGN_IDENTITY = "iPhone Developer";
				COPY_PHASE_STRIP = NO;
				DEBUG_INFORMATION_FORMAT = "dwarf-with-dsym";
				ENABLE_NS_ASSERTIONS = NO;
				ENABLE_STRICT_OBJC_MSGSEND = YES;
				GCC_C_LANGUAGE_STANDARD = gnu11;
				GCC_NO_COMMON_BLOCKS = YES;
				GCC_WARN_64_TO_32_BIT_CONVERSION = YES;
				GCC_WARN_ABOUT_RETURN_TYPE = YES_ERROR;
				GCC_WARN_UNDECLARED_SELECTOR = YES;
				GCC_WARN_UNINITIALIZED_AUTOS = YES_AGGRESSIVE;
				GCC_WARN_UNUSED_FUNCTION = YES;
				GCC_WARN_UNUSED_VARIABLE = YES;
				IPHONEOS_DEPLOYMENT_TARGET = 12.0;
				MTL_ENABLE_DEBUG_INFO = NO;
				MTL_FAST_MATH = YES;
				SDKROOT = iphoneos;
				SWIFT_COMPILATION_MODE = wholemodule;
				SWIFT_OPTIMIZATION_LEVEL = "-O";
				VALIDATE_PRODUCT = YES;
			};
			name = Release;
		};
		489D11F221885398005AA609 /* Debug */ = {
			isa = XCBuildConfiguration;
			buildSettings = {
				ASSETCATALOG_COMPILER_APPICON_NAME = AppIcon;
				CODE_SIGN_STYLE = Automatic;
				INFOPLIST_FILE = Container/Info.plist;
				LD_RUNPATH_SEARCH_PATHS = (
					"$(inherited)",
					"@executable_path/Frameworks",
				);
				PRODUCT_BUNDLE_IDENTIFIER = test.Container;
				PRODUCT_NAME = "$(TARGET_NAME)";
				SWIFT_VERSION = 4.2;
				TARGETED_DEVICE_FAMILY = "1,2";
			};
			name = Debug;
		};
		489D11F321885398005AA609 /* Release */ = {
			isa = XCBuildConfiguration;
			buildSettings = {
				ASSETCATALOG_COMPILER_APPICON_NAME = AppIcon;
				CODE_SIGN_STYLE = Automatic;
				INFOPLIST_FILE = Container/Info.plist;
				LD_RUNPATH_SEARCH_PATHS = (
					"$(inherited)",
					"@executable_path/Frameworks",
				);
				PRODUCT_BUNDLE_IDENTIFIER = test.Container;
				PRODUCT_NAME = "$(TARGET_NAME)";
				SWIFT_VERSION = 4.2;
				TARGETED_DEVICE_FAMILY = "1,2";
			};
			name = Release;
		};
		489D11F521885398005AA609 /* Debug */ = {
			isa = XCBuildConfiguration;
			buildSettings = {
				ALWAYS_EMBED_SWIFT_STANDARD_LIBRARIES = YES;
				BUNDLE_LOADER = "$(TEST_HOST)";
				CODE_SIGN_STYLE = Automatic;
				INFOPLIST_FILE = ContainerTests/Info.plist;
				LD_RUNPATH_SEARCH_PATHS = (
					"$(inherited)",
					"@executable_path/Frameworks",
					"@loader_path/Frameworks",
				);
				PRODUCT_BUNDLE_IDENTIFIER = test.ContainerTests;
				PRODUCT_NAME = "$(TARGET_NAME)";
				SWIFT_VERSION = 4.2;
				TARGETED_DEVICE_FAMILY = "1,2";
				TEST_HOST = "$(BUILT_PRODUCTS_DIR)/Container.app/Container";
			};
			name = Debug;
		};
		489D11F621885398005AA609 /* Release */ = {
			isa = XCBuildConfiguration;
			buildSettings = {
				ALWAYS_EMBED_SWIFT_STANDARD_LIBRARIES = YES;
				BUNDLE_LOADER = "$(TEST_HOST)";
				CODE_SIGN_STYLE = Automatic;
				INFOPLIST_FILE = ContainerTests/Info.plist;
				LD_RUNPATH_SEARCH_PATHS = (
					"$(inherited)",
					"@executable_path/Frameworks",
					"@loader_path/Frameworks",
				);
				PRODUCT_BUNDLE_IDENTIFIER = test.ContainerTests;
				PRODUCT_NAME = "$(TARGET_NAME)";
				SWIFT_VERSION = 4.2;
				TARGETED_DEVICE_FAMILY = "1,2";
				TEST_HOST = "$(BUILT_PRODUCTS_DIR)/Container.app/Container";
			};
			name = Release;
		};
		489D11F821885398005AA609 /* Debug */ = {
			isa = XCBuildConfiguration;
			buildSettings = {
				ALWAYS_EMBED_SWIFT_STANDARD_LIBRARIES = YES;
				CODE_SIGN_STYLE = Automatic;
				INFOPLIST_FILE = ContainerUITests/Info.plist;
				LD_RUNPATH_SEARCH_PATHS = (
					"$(inherited)",
					"@executable_path/Frameworks",
					"@loader_path/Frameworks",
				);
				PRODUCT_BUNDLE_IDENTIFIER = test.ContainerUITests;
				PRODUCT_NAME = "$(TARGET_NAME)";
				SWIFT_VERSION = 4.2;
				TARGETED_DEVICE_FAMILY = "1,2";
				TEST_TARGET_NAME = Container;
			};
			name = Debug;
		};
		489D11F921885398005AA609 /* Release */ = {
			isa = XCBuildConfiguration;
			buildSettings = {
				ALWAYS_EMBED_SWIFT_STANDARD_LIBRARIES = YES;
				CODE_SIGN_STYLE = Automatic;
				INFOPLIST_FILE = ContainerUITests/Info.plist;
				LD_RUNPATH_SEARCH_PATHS = (
					"$(inherited)",
					"@executable_path/Frameworks",
					"@loader_path/Frameworks",
				);
				PRODUCT_BUNDLE_IDENTIFIER = test.ContainerUITests;
				PRODUCT_NAME = "$(TARGET_NAME)";
				SWIFT_VERSION = 4.2;
				TARGETED_DEVICE_FAMILY = "1,2";
				TEST_TARGET_NAME = Container;
			};
			name = Release;
		};
/* End XCBuildConfiguration section */

/* Begin XCConfigurationList section */
		489D11C421885397005AA609 /* Build configuration list for PBXProject "Container" */ = {
			isa = XCConfigurationList;
			buildConfigurations = (
				489D11EF21885398005AA609 /* Debug */,
				489D11F021885398005AA609 /* Release */,
			);
			defaultConfigurationIsVisible = 0;
			defaultConfigurationName = Release;
		};
		489D11F121885398005AA609 /* Build configuration list for PBXNativeTarget "Container" */ = {
			isa = XCConfigurationList;
			buildConfigurations = (
				489D11F221885398005AA609 /* Debug */,
				489D11F321885398005AA609 /* Release */,
			);
			defaultConfigurationIsVisible = 0;
			defaultConfigurationName = Release;
		};
		489D11F421885398005AA609 /* Build configuration list for PBXNativeTarget "ContainerTests" */ = {
			isa = XCConfigurationList;
			buildConfigurations = (
				489D11F521885398005AA609 /* Debug */,
				489D11F621885398005AA609 /* Release */,
			);
			defaultConfigurationIsVisible = 0;
			defaultConfigurationName = Release;
		};
		489D11F721885398005AA609 /* Build configuration list for PBXNativeTarget "ContainerUITests" */ = {
			isa = XCConfigurationList;
			buildConfigurations = (
				489D11F821885398005AA609 /* Debug */,
				489D11F921885398005AA609 /* Release */,
			);
			defaultConfigurationIsVisible = 0;
			defaultConfigurationName = Release;
		};
/* End XCConfigurationList section */
	};
	rootObject = 489D11C121885397005AA609 /* Project object */;
}
